
Microsoft Visual Studio Solution File, Format Version 12.00
# Visual Studio 15
VisualStudioVersion = 15.0.28307.960
MinimumVisualStudioVersion = 10.0.40219.1
Project("{8BC9CEB8-8B4A-11D0-8D11-00A0C91BC942}") = "01. 空策略", "EmptyStrategy.vcxproj", "{6DCC2A9D-B756-4532-BCB8-D148AB162B94}"
EndProject
Project("{8BC9CEB8-8B4A-11D0-8D11-00A0C91BC942}") = "base.zmq", "D:\local\code\dingding\oms_vc\Tool\zmq404\projects\zmq.vcxproj", "{FB4985E4-4006-4B76-AF04-BF8566760FEF}"
EndProject
Project("{8BC9CEB8-8B4A-11D0-8D11-00A0C91BC942}") = "ZMQ_Pub", "D:\local\code\dingding\oms_vc\ZMQ_Pub\ZMQ_Pub.vcxproj", "{A2F896F6-6787-4774-A8AE-610C6BCB409B}"
EndProject
Global
	GlobalSection(SolutionConfigurationPlatforms) = preSolution
		Debug|Win32 = Debug|Win32
		Release|Win32 = Release|Win32
	EndGlobalSection
	GlobalSection(ProjectConfigurationPlatforms) = postSolution
		{6DCC2A9D-B756-4532-BCB8-D148AB162B94}.Debug|Win32.ActiveCfg = Debug|Win32
		{6DCC2A9D-B756-4532-BCB8-D148AB162B94}.Debug|Win32.Build.0 = Debug|Win32
		{6DCC2A9D-B756-4532-BCB8-D148AB162B94}.Release|Win32.ActiveCfg = Release|Win32
		{6DCC2A9D-B756-4532-BCB8-D148AB162B94}.Release|Win32.Build.0 = Release|Win32
		{FB4985E4-4006-4B76-AF04-BF8566760FEF}.Debug|Win32.ActiveCfg = Debug|Win32
		{FB4985E4-4006-4B76-AF04-BF8566760FEF}.Debug|Win32.Build.0 = Debug|Win32
		{FB4985E4-4006-4B76-AF04-BF8566760FEF}.Release|Win32.ActiveCfg = Release|Win32
		{FB4985E4-4006-4B76-AF04-BF8566760FEF}.Release|Win32.Build.0 = Release|Win32
		{A2F896F6-6787-4774-A8AE-610C6BCB409B}.Debug|Win32.ActiveCfg = Debug|Win32
		{A2F896F6-6787-4774-A8AE-610C6BCB409B}.Debug|Win32.Build.0 = Debug|Win32
		{A2F896F6-6787-4774-A8AE-610C6BCB409B}.Release|Win32.ActiveCfg = Release|Win32
		{A2F896F6-6787-4774-A8AE-610C6BCB409B}.Release|Win32.Build.0 = Release|Win32
	EndGlobalSection
	GlobalSection(SolutionProperties) = preSolution
		HideSolutionNode = FALSE
	EndGlobalSection
	GlobalSection(ExtensibilityGlobals) = postSolution
		SolutionGuid = {DF2E0587-A9E1-41BB-9117-68C390C22C6D}
	EndGlobalSection
EndGlobal
